{
  "name": "dsh-plugin-web-search-free",
  "version": "1.0.0",
  "lockfileVersion": 3,
  "requires": true,
  "packages": {
    "": {
      "name": "dsh-plugin-web-search-free",
      "version": "1.0.0",
      "dependencies": {
        "@deepseek-ai/dsh-client-ui-settings-plugins": "^0.0.1-rc.3"
      },
      "devDependencies": {
        "@types/node": "^18.0.0",
        "@types/react": "^19.2.18",
        "cordis": "^3.0.0",
        "typescript": "^5.0.0"
      },
      "peerDependencies": {
        "cordis": "^3.0.0"
      }
    },
    "node_modules/@cordisjs/core": {
      "version": "3.18.1",
      "resolved": "https://registry.npmjs.org/@cordisjs/core/-/core-3.18.1.tgz",
      "integrity": "sha512-yRuATOamFxeD1ztE2L3o1SaHuT2zw5DTXijQYxt9azVNeILbvtomfGG6sLZegrynJO9XZbNvXbOlQ7LBJDOlAg==",
      "dev": true,
      "license": "MIT",
      "dependencies": {
        "cosmokit": "^1.6.2"
      }
    },
    "node_modules/@cordisjs/loader": {
      "version": "0.13.1",
      "resolved": "https://registry.npmjs.org/@cordisjs/loader/-/loader-0.13.1.tgz",
      "integrity": "sha512-YGw22gT1F/jXT1UeWMjIavt7WHMfEmKve83v4PTg63SW4eC2s89ivsN4RQWi5YWe0LQNNg8LItL66FeEcgQS5w==",
      "dev": true,
      "license": "MIT",
      "dependencies": {
        "cosmokit": "^1.6.2",
        "dotenv": "^16.4.5",
        "js-yaml": "^4.1.0"
      },
      "peerDependencies": {
        "@cordisjs/core": "^3.18.1"
      }
    },
    "node_modules/@cordisjs/logger": {
      "version": "0.3.3",
      "resolved": "https://registry.npmjs.org/@cordisjs/logger/-/logger-0.3.3.tgz",
      "integrity": "sha512-UcyZRXAL86YLAEEta+fxJM1CcDanJvoIMD9ywCyP2AZJuib68UynENGTFo4mYkeg+8WMXrlA/aNNwENMiLUlXA==",
      "dev": true,
      "license": "MIT",
      "dependencies": {
        "cosmokit": "^1.6.2",
        "reggol": "^1.7.0"
      },
      "peerDependencies": {
        "@cordisjs/core": "^3.17.1"
      }
    },
    "node_modules/@cordisjs/schema": {
      "version": "0.1.1",
      "resolved": "https://registry.npmjs.org/@cordisjs/schema/-/schema-0.1.1.tgz",
      "integrity": "sha512-AYTSyEXEASO6uVHqXBHIId+8OGFs0idtFoj3q7qee9J7OGcMjVEUsrsdiP9SnmzTR4ea17esShledUC50fco1g==",
      "dev": true,
      "license": "MIT",
      "dependencies": {
        "cosmokit": "^1.6.2",
        "schemastery": "^3.14.6"
      },
      "peerDependencies": {
        "@cordisjs/core": "^3.17.0"
      }
    },
    "node_modules/@cordisjs/timer": {
      "version": "0.3.2",
      "resolved": "https://registry.npmjs.org/@cordisjs/timer/-/timer-0.3.2.tgz",
      "integrity": "sha512-frdIvc+1AqKVHMWnNacqqZ2Cm52FfoYKPpBQ+kZgr/cFs7HXDKqetL35CLy/EZAF22l/6VTvpQOYUwS6tvVJZA==",
      "dev": true,
      "license": "MIT",
      "dependencies": {
        "cosmokit": "^1.5.2"
      },
      "peerDependencies": {
        "@cordisjs/core": "^3.12.0"
      }
    },
    "node_modules/@deepseek-ai/dsh-client-ui-settings-plugins": {
      "version": "0.0.1-rc.3",
      "resolved": "https://registry.npmjs.org/@deepseek-ai/dsh-client-ui-settings-plugins/-/dsh-client-ui-settings-plugins-0.0.1-rc.3.tgz",
      "integrity": "sha512-03JgIktkE2Q1eQe26ZOYqI2lBbUF9YmuvIgFktbZzm7980Tivnt5RkGxcl/f8IOCeYEZcPEIKy1U77WLiWQwdw==",
      "license": "BSD-3-Clause",
      "dependencies": {
        "clsx": "^2.0.0"
      },
      "peerDependencies": {
        "@deepseek-ai/cordis": "^4.0.1-rc.1",
        "@deepseek-ai/dsh-api-remotes": "^0.0.1-rc.3",
        "@deepseek-ai/dsh-client-connection": "^0.0.1-rc.3",
        "@deepseek-ai/dsh-client-locale": "^0.0.1-rc.3",
        "@deepseek-ai/dsh-client-runtime": "^0.0.1-rc.3",
        "@deepseek-ai/dsh-client-ui-primitives": "^0.0.1-rc.3",
        "@deepseek-ai/dsh-client-ui-settings": "^0.0.1-rc.3",
        "@deepseek-ai/dsh-client-ui-slots": "^0.0.1-rc.3",
        "@deepseek-ai/dsh-client-web-react": "^0.0.1-rc.3",
        "@deepseek-ai/dsh-invariants": "^0.0.1-rc.3",
        "react": "^18.2.0"
      }
    },
    "node_modules/@standard-schema/spec": {
      "version": "1.1.0",
      "resolved": "https://registry.npmjs.org/@standard-schema/spec/-/spec-1.1.0.tgz",
      "integrity": "sha512-l2aFy5jALhniG5HgqrD6jXLi/rUWrKvqN/qJx6yoJsgKhblVd+iqqU4RCXavm/jPityDo5TCvKMnpjKnOriy0w==",
      "dev": true,
      "license": "MIT"
    },
    "node_modules/@types/node": {
      "version": "18.19.130",
      "resolved": "https://registry.npmjs.org/@types/node/-/node-18.19.130.tgz",
      "integrity": "sha512-GRaXQx6jGfL8sKfaIDD6OupbIHBr9jv7Jnaml9tB7l4v068PAOXqfcujMMo5PhbIs6ggR1XODELqahT2R8v0fg==",
      "dev": true,
      "license": "MIT",
      "dependencies": {
        "undici-types": "~5.26.4"
      }
    },
    "node_modules/@types/react": {
      "version": "19.2.18",
      "resolved": "https://registry.npmjs.org/@types/react/-/react-19.2.18.tgz",
      "integrity": "sha512-AnzbBERsrLKtk2XSfTbYRLjQPdy116Sty4q+T+Bp3IC4l6jNBvreVPAHmpq9qhXQM7CXZPjLVmGMw9sy+hxQ3w==",
      "dev": true,
      "license": "MIT",
      "dependencies": {
        "csstype": "^3.2.2"
      }
    },
    "node_modules/argparse": {
      "version": "2.0.1",
      "resolved": "https://registry.npmjs.org/argparse/-/argparse-2.0.1.tgz",
      "integrity": "sha512-8+9WqebbFzpX9OR+Wa6O29asIogeRMzcGtAINdpMHHyAg10f05aSFVBbcEqGf/PXw1EjAZ+q2/bEBg3DvurK3Q==",
      "dev": true,
      "license": "Python-2.0"
    },
    "node_modules/cac": {
      "version": "6.7.14",
      "resolved": "https://registry.npmjs.org/cac/-/cac-6.7.14.tgz",
      "integrity": "sha512-b6Ilus+c3RrdDk+JhLKUAQfzzgLEPy6wcXqS7f/xe1EETvsDP6GORG7SFuOs6cID5YkqchW/LXZbX5bc8j7ZcQ==",
      "dev": true,
      "license": "MIT",
      "engines": {
        "node": ">=8"
      }
    },
    "node_modules/clsx": {
      "version": "2.1.1",
      "resolved": "https://registry.npmjs.org/clsx/-/clsx-2.1.1.tgz",
      "integrity": "sha512-eYm0QWBtUrBWZWG0d386OGAw16Z995PiOVo2B7bjWSbHedGl5e0ZWaq65kOGgUSNesEIDkB9ISbTg/JK9dhCZA==",
      "license": "MIT",
      "engines": {
        "node": ">=6"
      }
    },
    "node_modules/cordis": {
      "version": "3.18.1",
      "resolved": "https://registry.npmjs.org/cordis/-/cordis-3.18.1.tgz",
      "integrity": "sha512-9IbthFbFBVJ15WBDNPqHdl59TyEAMNWxF1Dxsdi14625ePQkMX35WvcqgGno0BcXlpXDbUaBZgQ+jfBYT+uuSQ==",
      "dev": true,
      "license": "MIT",
      "dependencies": {
        "@cordisjs/core": "3.18.1",
        "@cordisjs/loader": "^0.13.1",
        "@cordisjs/logger": "^0.3.3",
        "@cordisjs/schema": "^0.1.1",
        "@cordisjs/timer": "^0.3.2",
        "cac": "^6.7.14",
        "cosmokit": "^1.6.2",
        "kleur": "^4.1.5",
        "reggol": "^1.7.0"
      },
      "bin": {
        "cordis": "lib/bin/cordis.mjs"
      },
      "engines": {
        "node": "^18.0.0 || >=20.0.0"
      },
      "peerDependencies": {
        "cordis": "*"
      }
    },
    "node_modules/cosmokit": {
      "version": "1.8.1",
      "resolved": "https://registry.npmjs.org/cosmokit/-/cosmokit-1.8.1.tgz",
      "integrity": "sha512-PDBv4l90xZKrUsZ0vtoycgZpO/j4iFsqJXrAxsyBDsnQRI7ZMJXIjgDJsKNjd5L8jnVnnlrDCdhkFbTncgCVjQ==",
      "dev": true,
      "license": "MIT"
    },
    "node_modules/csstype": {
      "version": "3.2.3",
      "resolved": "https://registry.npmjs.org/csstype/-/csstype-3.2.3.tgz",
      "integrity": "sha512-z1HGKcYy2xA8AGQfwrn0PAy+PB7X/GSj3UVJW9qKyn43xWa+gl5nXmU4qqLMRzWVLFC8KusUX8T/0kCiOYpAIQ==",
      "dev": true,
      "license": "MIT"
    },
    "node_modules/dotenv": {
      "version": "16.6.1",
      "resolved": "https://registry.npmjs.org/dotenv/-/dotenv-16.6.1.tgz",
      "integrity": "sha512-uBq4egWHTcTt33a72vpSG0z3HnPuIl6NqYcTrKEg2azoEyl2hpW0zqlxysq2pK9HlDIHyHyakeYaYnSAwd8bow==",
      "dev": true,
      "license": "BSD-2-Clause",
      "engines": {
        "node": ">=12"
      },
      "funding": {
        "url": "https://dotenvx.com"
      }
    },
    "node_modules/has-flag": {
      "version": "4.0.0",
      "resolved": "https://registry.npmjs.org/has-flag/-/has-flag-4.0.0.tgz",
      "integrity": "sha512-EykJT/Q1KjTWctppgIAgfSO0tKVuZUjhgMr17kqTumMl6Afv3EISleU7qZUzoXDFTAHTDC4NOoG/ZxU3EvlMPQ==",
      "dev": true,
      "license": "MIT",
      "engines": {
        "node": ">=8"
      }
    },
    "node_modules/js-yaml": {
      "version": "4.3.1",
      "resolved": "https://registry.npmjs.org/js-yaml/-/js-yaml-4.3.1.tgz",
      "integrity": "sha512-CY6crGq313MX8GkwvB7tzgp99vjQxY1++5y10/BKN/GUfHqWaOGQMNZkBvqSzsZKWk/ijwHlWzzkLulsGHhjWQ==",
      "dev": true,
      "funding": [
        {
          "type": "github",
          "url": "https://github.com/sponsors/puzrin"
        },
        {
          "type": "github",
          "url": "https://github.com/sponsors/nodeca"
        }
      ],
      "license": "MIT",
      "dependencies": {
        "argparse": "^2.0.1"
      },
      "bin": {
        "js-yaml": "bin/js-yaml.js"
      }
    },
    "node_modules/kleur": {
      "version": "4.1.5",
      "resolved": "https://registry.npmjs.org/kleur/-/kleur-4.1.5.tgz",
      "integrity": "sha512-o+NO+8WrRiQEE4/7nwRJhN1HWpVmJm511pBHUxPLtp0BUISzlBplORYSmTclCnJvQq2tKu/sgl3xVpkc7ZWuQQ==",
      "dev": true,
      "license": "MIT",
      "engines": {
        "node": ">=6"
      }
    },
    "node_modules/object-inspect": {
      "version": "1.13.4",
      "resolved": "https://registry.npmjs.org/object-inspect/-/object-inspect-1.13.4.tgz",
      "integrity": "sha512-W67iLl4J2EXEGTbfeHCffrjDfitvLANg0UlX3wFUUSTx92KXRFegMHUVgSqE+wvhAbi4WqjGg9czysTV2Epbew==",
      "dev": true,
      "license": "MIT",
      "engines": {
        "node": ">= 0.4"
      },
      "funding": {
        "url": "https://github.com/sponsors/ljharb"
      }
    },
    "node_modules/reggol": {
      "version": "1.7.1",
      "resolved": "https://registry.npmjs.org/reggol/-/reggol-1.7.1.tgz",
      "integrity": "sha512-0Vr1vRYDFnsA14BipkHRn3+4FxlZxQJ4VQG2pFE2obSrR68hTHVbbQzS3/ZAHNb6l/+ThaJrc5BPgrYDM3yNyg==",
      "dev": true,
      "license": "MIT",
      "dependencies": {
        "cosmokit": "^1.6.3",
        "object-inspect": "^1.13.1",
        "supports-color": "^8.1.1"
      }
    },
    "node_modules/schemastery": {
      "version": "3.18.0",
      "resolved": "https://registry.npmjs.org/schemastery/-/schemastery-3.18.0.tgz",
      "integrity": "sha512-Jw2uxjoyyqc/yeurmChUEc/jbi8GsrdXV/KmqRUDZXJAXAmrJiPsz8vKa17l/VckyzljHZ9oGaul443CQiXxtA==",
      "dev": true,
      "license": "MIT",
      "dependencies": {
        "@standard-schema/spec": "^1.1.0",
        "cosmokit": "^1.8.1"
      }
    },
    "node_modules/supports-color": {
      "version": "8.1.1",
      "resolved": "https://registry.npmjs.org/supports-color/-/supports-color-8.1.1.tgz",
      "integrity": "sha512-MpUEN2OodtUzxvKQl72cUF7RQ5EiHsGvSsVG0ia9c5RbWGL2CI4C7EpPS8UTBIplnlzZiNuV56w+FuNxy3ty2Q==",
      "dev": true,
      "license": "MIT",
      "dependencies": {
        "has-flag": "^4.0.0"
      },
      "engines": {
        "node": ">=10"
      },
      "funding": {
        "url": "https://github.com/chalk/supports-color?sponsor=1"
      }
    },
    "node_modules/typescript": {
      "version": "5.9.3",
      "resolved": "https://registry.npmjs.org/typescript/-/typescript-5.9.3.tgz",
      "integrity": "sha512-jl1vZzPDinLr9eUt3J/t7V6FgNEw9QjvBPdysz9KfQDD41fQrC2Y4vKQdiaUpFT4bXlb1RHhLpp8wtm6M5TgSw==",
      "dev": true,
      "license": "Apache-2.0",
      "bin": {
        "tsc": "bin/tsc",
        "tsserver": "bin/tsserver"
      },
      "engines": {
        "node": ">=14.17"
      }
    },
    "node_modules/undici-types": {
      "version": "5.26.5",
      "resolved": "https://registry.npmjs.org/undici-types/-/undici-types-5.26.5.tgz",
      "integrity": "sha512-JlCMO+ehdEIKqlFxk6IfVoAUVmgz7cU7zD/h9XZ0qzeosSHmUJVOzSQvvYSYWXkFXC+IfLKSIffhv0sVZup6pA==",
      "dev": true,
      "license": "MIT"
    }
  }
}
